
Microsoft Visual Studio Solution File, Format Version 12.00
# Visual Studio Version 16
VisualStudioVersion = 16.0.30804.86
MinimumVisualStudioVersion = 10.0.40219.1
Project("{FAE04EC0-301F-11D3-BF4B-00C04F79EFBC}") = "emailTestApp", "emailTestApp\emailTestApp.csproj", "{22F96D83-5C53-43AD-93E6-9F3B7CFA4024}"
EndProject
Global
	GlobalSection(SolutionConfigurationPlatforms) = preSolution
		Debug|Any CPU = Debug|Any CPU
		Release|Any CPU = Release|Any CPU
	EndGlobalSection
	GlobalSection(ProjectConfigurationPlatforms) = postSolution
		{22F96D83-5C53-43AD-93E6-9F3B7CFA4024}.Debug|Any CPU.ActiveCfg = Debug|Any CPU
		{22F96D83-5C53-43AD-93E6-9F3B7CFA4024}.Debug|Any CPU.Build.0 = Debug|Any CPU
		{22F96D83-5C53-43AD-93E6-9F3B7CFA4024}.Release|Any CPU.ActiveCfg = Release|Any CPU
		{22F96D83-5C53-43AD-93E6-9F3B7CFA4024}.Release|Any CPU.Build.0 = Release|Any CPU
	EndGlobalSection
	GlobalSection(SolutionProperties) = preSolution
		HideSolutionNode = FALSE
	EndGlobalSection
	GlobalSection(ExtensibilityGlobals) = postSolution
		SolutionGuid = {0659F479-E37F-47E1-8D92-D8207787D489}
	EndGlobalSection
EndGlobal
